
Microsoft Visual Studio Solution File, Format Version 12.00
# Visual Studio Version 16
VisualStudioVersion = 16.0.30011.22
MinimumVisualStudioVersion = 10.0.40219.1
Project("{FAE04EC0-301F-11D3-BF4B-00C04F79EFBC}") = "SalesWeb", "SalesWeb\SalesWeb.csproj", "{9A56C9FC-3162-436C-9DF1-7EF77FB52957}"
EndProject
Global
	GlobalSection(SolutionConfigurationPlatforms) = preSolution
		Debug|Any CPU = Debug|Any CPU
		Release|Any CPU = Release|Any CPU
	EndGlobalSection
	GlobalSection(ProjectConfigurationPlatforms) = postSolution
		{9A56C9FC-3162-436C-9DF1-7EF77FB52957}.Debug|Any CPU.ActiveCfg = Debug|Any CPU
		{9A56C9FC-3162-436C-9DF1-7EF77FB52957}.Debug|Any CPU.Build.0 = Debug|Any CPU
		{9A56C9FC-3162-436C-9DF1-7EF77FB52957}.Release|Any CPU.ActiveCfg = Release|Any CPU
		{9A56C9FC-3162-436C-9DF1-7EF77FB52957}.Release|Any CPU.Build.0 = Release|Any CPU
	EndGlobalSection
	GlobalSection(SolutionProperties) = preSolution
		HideSolutionNode = FALSE
	EndGlobalSection
	GlobalSection(ExtensibilityGlobals) = postSolution
		SolutionGuid = {27675974-F2AE-4BCB-AB4C-404CC3922E15}
	EndGlobalSection
EndGlobal
